
Microsoft Visual Studio Solution File, Format Version 12.00
# Visual Studio Version 16
VisualStudioVersion = 16.0.29709.97
MinimumVisualStudioVersion = 10.0.40219.1
Project("{FAE04EC0-301F-11D3-BF4B-00C04F79EFBC}") = "practika1(rasskazov)", "practika1(rasskazov)\practika1(rasskazov).csproj", "{399DCD26-47F3-470A-AE68-A2C9F9EE1983}"
EndProject
Global
	GlobalSection(SolutionConfigurationPlatforms) = preSolution
		Debug|Any CPU = Debug|Any CPU
		Release|Any CPU = Release|Any CPU
	EndGlobalSection
	GlobalSection(ProjectConfigurationPlatforms) = postSolution
		{399DCD26-47F3-470A-AE68-A2C9F9EE1983}.Debug|Any CPU.ActiveCfg = Debug|Any CPU
		{399DCD26-47F3-470A-AE68-A2C9F9EE1983}.Debug|Any CPU.Build.0 = Debug|Any CPU
		{399DCD26-47F3-470A-AE68-A2C9F9EE1983}.Release|Any CPU.ActiveCfg = Release|Any CPU
		{399DCD26-47F3-470A-AE68-A2C9F9EE1983}.Release|Any CPU.Build.0 = Release|Any CPU
	EndGlobalSection
	GlobalSection(SolutionProperties) = preSolution
		HideSolutionNode = FALSE
	EndGlobalSection
	GlobalSection(ExtensibilityGlobals) = postSolution
		SolutionGuid = {B0F38583-F624-47C5-90B7-4362594BB6C6}
	EndGlobalSection
EndGlobal
